
Microsoft Visual Studio Solution File, Format Version 12.00
# Visual Studio 15
VisualStudioVersion = 15.0.25807.0
MinimumVisualStudioVersion = 10.0.40219.1
Project("{2150E333-8FDC-42A3-9474-1A3956D46DE8}") = "Engine", "Engine", "{93A9E63A-4B5F-4237-B8F9-0DEF86BEF445}"
EndProject
Project("{2150E333-8FDC-42A3-9474-1A3956D46DE8}") = "Games", "Games", "{A7C84FCC-874F-4EFF-ABE9-EB8AA02C2012}"
EndProject
Project("{8BC9CEB8-8B4A-11D0-8D11-00A0C91BC942}") = "UE4", "Intermediate\ProjectFiles\UE4.vcxproj", "{7BDBD820-8E61-440C-9536-057512BD855D}"
EndProject
Project("{8BC9CEB8-8B4A-11D0-8D11-00A0C91BC942}") = "ReadingGames", "Intermediate\ProjectFiles\ReadingGames.vcxproj", "{737CE3D5-034C-4D48-9D0D-F8F46D60EEC4}"
EndProject
Project("{2150E333-8FDC-42A3-9474-1A3956D46DE8}") = "Visualizers", "Visualizers", "{9354DD53-0434-4D3A-B496-A34D8FEE49AD}"
	ProjectSection(SolutionItems) = preProject
		..\..\..\..\Program Files (x86)\UE_4.21\Engine\Extras\VisualStudioDebugging\UE4.natvis = ..\..\..\..\Program Files (x86)\UE_4.21\Engine\Extras\VisualStudioDebugging\UE4.natvis
	EndProjectSection
EndProject
Global
	GlobalSection(SolutionConfigurationPlatforms) = preSolution
		DebugGame Editor|Android = DebugGame Editor|Android
		DebugGame Editor|HTML5 = DebugGame Editor|HTML5
		DebugGame Editor|Win32 = DebugGame Editor|Win32
		DebugGame Editor|Win64 = DebugGame Editor|Win64
		DebugGame|Android = DebugGame|Android
		DebugGame|HTML5 = DebugGame|HTML5
		DebugGame|Win32 = DebugGame|Win32
		DebugGame|Win64 = DebugGame|Win64
		Development Editor|Android = Development Editor|Android
		Development Editor|HTML5 = Development Editor|HTML5
		Development Editor|Win32 = Development Editor|Win32
		Development Editor|Win64 = Development Editor|Win64
		Development|Android = Development|Android
		Development|HTML5 = Development|HTML5
		Development|Win32 = Development|Win32
		Development|Win64 = Development|Win64
		Shipping|Android = Shipping|Android
		Shipping|HTML5 = Shipping|HTML5
		Shipping|Win32 = Shipping|Win32
		Shipping|Win64 = Shipping|Win64
	EndGlobalSection
	GlobalSection(ProjectConfigurationPlatforms) = postSolution
		{7BDBD820-8E61-440C-9536-057512BD855D}.DebugGame Editor|Android.ActiveCfg = BuiltWithUnrealBuildTool|Win32
		{7BDBD820-8E61-440C-9536-057512BD855D}.DebugGame Editor|HTML5.ActiveCfg = BuiltWithUnrealBuildTool|Win32
		{7BDBD820-8E61-440C-9536-057512BD855D}.DebugGame Editor|Win32.ActiveCfg = BuiltWithUnrealBuildTool|Win32
		{7BDBD820-8E61-440C-9536-057512BD855D}.DebugGame Editor|Win64.ActiveCfg = BuiltWithUnrealBuildTool|Win32
		{7BDBD820-8E61-440C-9536-057512BD855D}.DebugGame|Android.ActiveCfg = BuiltWithUnrealBuildTool|Win32
		{7BDBD820-8E61-440C-9536-057512BD855D}.DebugGame|HTML5.ActiveCfg = BuiltWithUnrealBuildTool|Win32
		{7BDBD820-8E61-440C-9536-057512BD855D}.DebugGame|Win32.ActiveCfg = BuiltWithUnrealBuildTool|Win32
		{7BDBD820-8E61-440C-9536-057512BD855D}.DebugGame|Win64.ActiveCfg = BuiltWithUnrealBuildTool|Win32
		{7BDBD820-8E61-440C-9536-057512BD855D}.Development Editor|Android.ActiveCfg = BuiltWithUnrealBuildTool|Win32
		{7BDBD820-8E61-440C-9536-057512BD855D}.Development Editor|HTML5.ActiveCfg = BuiltWithUnrealBuildTool|Win32
		{7BDBD820-8E61-440C-9536-057512BD855D}.Development Editor|Win32.ActiveCfg = BuiltWithUnrealBuildTool|Win32
		{7BDBD820-8E61-440C-9536-057512BD855D}.Development Editor|Win64.ActiveCfg = BuiltWithUnrealBuildTool|Win32
		{7BDBD820-8E61-440C-9536-057512BD855D}.Development|Android.ActiveCfg = BuiltWithUnrealBuildTool|Win32
		{7BDBD820-8E61-440C-9536-057512BD855D}.Development|HTML5.ActiveCfg = BuiltWithUnrealBuildTool|Win32
		{7BDBD820-8E61-440C-9536-057512BD855D}.Development|Win32.ActiveCfg = BuiltWithUnrealBuildTool|Win32
		{7BDBD820-8E61-440C-9536-057512BD855D}.Development|Win64.ActiveCfg = BuiltWithUnrealBuildTool|Win32
		{7BDBD820-8E61-440C-9536-057512BD855D}.Shipping|Android.ActiveCfg = BuiltWithUnrealBuildTool|Win32
		{7BDBD820-8E61-440C-9536-057512BD855D}.Shipping|HTML5.ActiveCfg = BuiltWithUnrealBuildTool|Win32
		{7BDBD820-8E61-440C-9536-057512BD855D}.Shipping|Win32.ActiveCfg = BuiltWithUnrealBuildTool|Win32
		{7BDBD820-8E61-440C-9536-057512BD855D}.Shipping|Win64.ActiveCfg = BuiltWithUnrealBuildTool|Win32
		{737CE3D5-034C-4D48-9D0D-F8F46D60EEC4}.DebugGame Editor|Android.ActiveCfg = Invalid|Win32
		{737CE3D5-034C-4D48-9D0D-F8F46D60EEC4}.DebugGame Editor|HTML5.ActiveCfg = Invalid|Win32
		{737CE3D5-034C-4D48-9D0D-F8F46D60EEC4}.DebugGame Editor|Win32.ActiveCfg = Invalid|Win32
		{737CE3D5-034C-4D48-9D0D-F8F46D60EEC4}.DebugGame Editor|Win64.ActiveCfg = DebugGame_Editor|x64
		{737CE3D5-034C-4D48-9D0D-F8F46D60EEC4}.DebugGame Editor|Win64.Build.0 = DebugGame_Editor|x64
		{737CE3D5-034C-4D48-9D0D-F8F46D60EEC4}.DebugGame|Android.ActiveCfg = Android_DebugGame|Win32
		{737CE3D5-034C-4D48-9D0D-F8F46D60EEC4}.DebugGame|Android.Build.0 = Android_DebugGame|Win32
		{737CE3D5-034C-4D48-9D0D-F8F46D60EEC4}.DebugGame|HTML5.ActiveCfg = HTML5_DebugGame|Win32
		{737CE3D5-034C-4D48-9D0D-F8F46D60EEC4}.DebugGame|HTML5.Build.0 = HTML5_DebugGame|Win32
		{737CE3D5-034C-4D48-9D0D-F8F46D60EEC4}.DebugGame|Win32.ActiveCfg = DebugGame|Win32
		{737CE3D5-034C-4D48-9D0D-F8F46D60EEC4}.DebugGame|Win32.Build.0 = DebugGame|Win32
		{737CE3D5-034C-4D48-9D0D-F8F46D60EEC4}.DebugGame|Win64.ActiveCfg = DebugGame|x64
		{737CE3D5-034C-4D48-9D0D-F8F46D60EEC4}.DebugGame|Win64.Build.0 = DebugGame|x64
		{737CE3D5-034C-4D48-9D0D-F8F46D60EEC4}.Development Editor|Android.ActiveCfg = Invalid|Win32
		{737CE3D5-034C-4D48-9D0D-F8F46D60EEC4}.Development Editor|HTML5.ActiveCfg = Invalid|Win32
		{737CE3D5-034C-4D48-9D0D-F8F46D60EEC4}.Development Editor|Win32.ActiveCfg = Invalid|Win32
		{737CE3D5-034C-4D48-9D0D-F8F46D60EEC4}.Development Editor|Win64.ActiveCfg = Development_Editor|x64
		{737CE3D5-034C-4D48-9D0D-F8F46D60EEC4}.Development Editor|Win64.Build.0 = Development_Editor|x64
		{737CE3D5-034C-4D48-9D0D-F8F46D60EEC4}.Development|Android.ActiveCfg = Android_Development|Win32
		{737CE3D5-034C-4D48-9D0D-F8F46D60EEC4}.Development|Android.Build.0 = Android_Development|Win32
		{737CE3D5-034C-4D48-9D0D-F8F46D60EEC4}.Development|HTML5.ActiveCfg = HTML5_Development|Win32
		{737CE3D5-034C-4D48-9D0D-F8F46D60EEC4}.Development|HTML5.Build.0 = HTML5_Development|Win32
		{737CE3D5-034C-4D48-9D0D-F8F46D60EEC4}.Development|Win32.ActiveCfg = Development|Win32
		{737CE3D5-034C-4D48-9D0D-F8F46D60EEC4}.Development|Win32.Build.0 = Development|Win32
		{737CE3D5-034C-4D48-9D0D-F8F46D60EEC4}.Development|Win64.ActiveCfg = Development|x64
		{737CE3D5-034C-4D48-9D0D-F8F46D60EEC4}.Development|Win64.Build.0 = Development|x64
		{737CE3D5-034C-4D48-9D0D-F8F46D60EEC4}.Shipping|Android.ActiveCfg = Android_Shipping|Win32
		{737CE3D5-034C-4D48-9D0D-F8F46D60EEC4}.Shipping|Android.Build.0 = Android_Shipping|Win32
		{737CE3D5-034C-4D48-9D0D-F8F46D60EEC4}.Shipping|HTML5.ActiveCfg = HTML5_Shipping|Win32
		{737CE3D5-034C-4D48-9D0D-F8F46D60EEC4}.Shipping|HTML5.Build.0 = HTML5_Shipping|Win32
		{737CE3D5-034C-4D48-9D0D-F8F46D60EEC4}.Shipping|Win32.ActiveCfg = Shipping|Win32
		{737CE3D5-034C-4D48-9D0D-F8F46D60EEC4}.Shipping|Win32.Build.0 = Shipping|Win32
		{737CE3D5-034C-4D48-9D0D-F8F46D60EEC4}.Shipping|Win64.ActiveCfg = Shipping|x64
		{737CE3D5-034C-4D48-9D0D-F8F46D60EEC4}.Shipping|Win64.Build.0 = Shipping|x64
	EndGlobalSection
	GlobalSection(SolutionProperties) = preSolution
		HideSolutionNode = FALSE
	EndGlobalSection
	GlobalSection(NestedProjects) = preSolution
		{7BDBD820-8E61-440C-9536-057512BD855D} = {93A9E63A-4B5F-4237-B8F9-0DEF86BEF445}
		{737CE3D5-034C-4D48-9D0D-F8F46D60EEC4} = {A7C84FCC-874F-4EFF-ABE9-EB8AA02C2012}
	EndGlobalSection
EndGlobal
